
Microsoft Visual Studio Solution File, Format Version 12.00
# Visual Studio Version 17
VisualStudioVersion = 17.5.33414.496
MinimumVisualStudioVersion = 10.0.40219.1
Project("{FAE04EC0-301F-11D3-BF4B-00C04F79EFBC}") = "ECU_Replica", "ECU_Replica\ECU_Replica.csproj", "{197EDDFE-77D0-43C1-8C33-69D553A095C6}"
EndProject
Project("{FAE04EC0-301F-11D3-BF4B-00C04F79EFBC}") = "ECU_Replica.Tests", "ECU_Replica.Tests\ECU_Replica.Tests.csproj", "{827762AC-2040-47C8-8968-E5E52FB9976A}"
EndProject
Global
	GlobalSection(SolutionConfigurationPlatforms) = preSolution
		Debug|Any CPU = Debug|Any CPU
		Release|Any CPU = Release|Any CPU
	EndGlobalSection
	GlobalSection(ProjectConfigurationPlatforms) = postSolution
		{197EDDFE-77D0-43C1-8C33-69D553A095C6}.Debug|Any CPU.ActiveCfg = Debug|Any CPU
		{197EDDFE-77D0-43C1-8C33-69D553A095C6}.Debug|Any CPU.Build.0 = Debug|Any CPU
		{197EDDFE-77D0-43C1-8C33-69D553A095C6}.Release|Any CPU.ActiveCfg = Release|Any CPU
		{197EDDFE-77D0-43C1-8C33-69D553A095C6}.Release|Any CPU.Build.0 = Release|Any CPU
		{827762AC-2040-47C8-8968-E5E52FB9976A}.Debug|Any CPU.ActiveCfg = Debug|Any CPU
		{827762AC-2040-47C8-8968-E5E52FB9976A}.Debug|Any CPU.Build.0 = Debug|Any CPU
		{827762AC-2040-47C8-8968-E5E52FB9976A}.Release|Any CPU.ActiveCfg = Release|Any CPU
		{827762AC-2040-47C8-8968-E5E52FB9976A}.Release|Any CPU.Build.0 = Release|Any CPU
	EndGlobalSection
	GlobalSection(SolutionProperties) = preSolution
		HideSolutionNode = FALSE
	EndGlobalSection
	GlobalSection(ExtensibilityGlobals) = postSolution
		SolutionGuid = {9FD8EBA8-C962-4277-91D5-DA18E0EBEB5C}
	EndGlobalSection
EndGlobal
